
Microsoft Visual Studio Solution File, Format Version 12.00
# Visual Studio 15
VisualStudioVersion = 15.0.27004.2008
MinimumVisualStudioVersion = 10.0.40219.1
Project("{FAE04EC0-301F-11D3-BF4B-00C04F79EFBC}") = "WpfApp1", "WpfApp1\WpfApp1.csproj", "{A6365390-BAA1-4018-864E-430D84FA2CCF}"
EndProject
Global
	GlobalSection(SolutionConfigurationPlatforms) = preSolution
		Debug|Any CPU = Debug|Any CPU
		Release|Any CPU = Release|Any CPU
	EndGlobalSection
	GlobalSection(ProjectConfigurationPlatforms) = postSolution
		{A6365390-BAA1-4018-864E-430D84FA2CCF}.Debug|Any CPU.ActiveCfg = Debug|Any CPU
		{A6365390-BAA1-4018-864E-430D84FA2CCF}.Debug|Any CPU.Build.0 = Debug|Any CPU
		{A6365390-BAA1-4018-864E-430D84FA2CCF}.Release|Any CPU.ActiveCfg = Release|Any CPU
		{A6365390-BAA1-4018-864E-430D84FA2CCF}.Release|Any CPU.Build.0 = Release|Any CPU
	EndGlobalSection
	GlobalSection(SolutionProperties) = preSolution
		HideSolutionNode = FALSE
	EndGlobalSection
	GlobalSection(ExtensibilityGlobals) = postSolution
		SolutionGuid = {A69028A7-D0F1-49D3-B5B6-75A1DF2EFF7D}
	EndGlobalSection
EndGlobal
